PODS:
  - CocoaAsyncSocket (7.6.5)
  - CocoaLumberjack (3.7.2):
    - CocoaLumberjack/Core (= 3.7.2)
  - CocoaLumberjack/Core (3.7.2)
  - InputBarAccessoryView (5.3.1):
    - InputBarAccessoryView/Core (= 5.3.1)
  - InputBarAccessoryView/Core (5.3.1)
  - Kingfisher (6.3.0)
  - KissXML (5.3.1):
    - KissXML/All (= 5.3.1)
  - KissXML/Additions (5.3.1):
    - KissXML/Core
  - KissXML/All (5.3.1):
    - KissXML/Additions
    - KissXML/Core
  - KissXML/Core (5.3.1)
  - libidn (1.35)
  - MessageKit (3.6.1):
    - InputBarAccessoryView (~> 5.3.1)
  - Realm (10.11.0):
    - Realm/Headers (= 10.11.0)
  - Realm/Headers (10.11.0)
  - RealmSwift (10.11.0):
    - Realm (= 10.11.0)
  - XMPPFramework (4.0.0):
    - XMPPFramework/default (= 4.0.0)
  - XMPPFramework/default (4.0.0):
    - CocoaAsyncSocket (~> 7.6)
    - CocoaLumberjack
    - KissXML (~> 5.2)
    - libidn (~> 1.35)

DEPENDENCIES:
  - Kingfisher
  - MessageKit
  - RealmSwift
  - XMPPFramework

SPEC REPOS:
  trunk:
    - CocoaAsyncSocket
    - CocoaLumberjack
    - InputBarAccessoryView
    - Kingfisher
    - KissXML
    - libidn
    - MessageKit
    - Realm
    - RealmSwift
    - XMPPFramework

SPEC CHECKSUMS:
  CocoaAsyncSocket: 065fd1e645c7abab64f7a6a2007a48038fdc6a99
  CocoaLumberjack: b7e05132ff94f6ae4dfa9d5bce9141893a21d9da
  InputBarAccessoryView: 1f75d8c9f75e5e57f3ffac36ed58635a8005e0bc
  Kingfisher: 6c3df386db71d82c0817a429d2c9421a77396529
  KissXML: 5c8e0f2e8b9f071d3e1ae123dec3eb5da615c10c
  libidn: e4576a956b797c584c77aaedfc6e3dd639b61bdc
  MessageKit: d153fbbbcb12f3f4045a1ba8874298924dacfb62
  Realm: 39ff23f0f709cd4ed93eb47ee6593c2158945b38
  RealmSwift: 42713e09a8631070d6c12c3c5fb22b8edc1daa41
  XMPPFramework: 5d31ff9f73dce031b24bc49bcf88093627a3a86e

PODFILE CHECKSUM: e383d14b4b6b96dada1e5afbecaa724e1c966085

COCOAPODS: 1.10.1
